// !$*UTF8*$!
{
	archiveVersion = 1;
	classes = {
	};
	objectVersion = 56;
	objects = {

/* Begin PBXBuildFile section */
		213249D02B0C7AC7002E9B5C /* WorldCupAppApp.swift in Sources */ = {isa = PBXBuildFile; fileRef = 213249CF2B0C7AC7002E9B5C /* WorldCupAppApp.swift */; };
		213249D22B0C7AC7002E9B5C /* ContentView.swift in Sources */ = {isa = PBXBuildFile; fileRef = 213249D12B0C7AC7002E9B5C /* ContentView.swift */; };
		213249D42B0C7AC9002E9B5C /* Assets.xcassets in Resources */ = {isa = PBXBuildFile; fileRef = 213249D32B0C7AC9002E9B5C /* Assets.xcassets */; };
		213249D72B0C7AC9002E9B5C /* Preview Assets.xcassets in Resources */ = {isa = PBXBuildFile; fileRef = 213249D62B0C7AC9002E9B5C /* Preview Assets.xcassets */; };
		213249E72B0C7B2F002E9B5C /* CountryCollection.swift in Sources */ = {isa = PBXBuildFile; fileRef = 213249DD2B0C7B2E002E9B5C /* CountryCollection.swift */; };
		213249E82B0C7B2F002E9B5C /* CardTemplate.swift in Sources */ = {isa = PBXBuildFile; fileRef = 213249DE2B0C7B2E002E9B5C /* CardTemplate.swift */; };
		213249E92B0C7B2F002E9B5C /* WinnerScreen.swift in Sources */ = {isa = PBXBuildFile; fileRef = 213249DF2B0C7B2E002E9B5C /* WinnerScreen.swift */; };
		213249EA2B0C7B2F002E9B5C /* HomeScreen.swift in Sources */ = {isa = PBXBuildFile; fileRef = 213249E02B0C7B2E002E9B5C /* HomeScreen.swift */; };
		213249EB2B0C7B2F002E9B5C /* SigninScreen.swift in Sources */ = {isa = PBXBuildFile; fileRef = 213249E12B0C7B2E002E9B5C /* SigninScreen.swift */; };
		213249EC2B0C7B2F002E9B5C /* CapsuleButton.swift in Sources */ = {isa = PBXBuildFile; fileRef = 213249E22B0C7B2E002E9B5C /* CapsuleButton.swift */; };
		213249ED2B0C7B2F002E9B5C /* SignupScreen.swift in Sources */ = {isa = PBXBuildFile; fileRef = 213249E32B0C7B2E002E9B5C /* SignupScreen.swift */; };
		213249EF2B0C7B2F002E9B5C /* Country.swift in Sources */ = {isa = PBXBuildFile; fileRef = 213249E52B0C7B2E002E9B5C /* Country.swift */; };
		213249F02B0C7B2F002E9B5C /* PredictionPopup.swift in Sources */ = {isa = PBXBuildFile; fileRef = 213249E62B0C7B2E002E9B5C /* PredictionPopup.swift */; };
		213249F22B0C8A7B002E9B5C /* CustomTextField.swift in Sources */ = {isa = PBXBuildFile; fileRef = 213249F12B0C8A7B002E9B5C /* CustomTextField.swift */; };
/* End PBXBuildFile section */

/* Begin PBXFileReference section */
		213249CC2B0C7AC7002E9B5C /* WorldCupApp.app */ = {isa = PBXFileReference; explicitFileType = wrapper.application; includeInIndex = 0; path = WorldCupApp.app; sourceTree = BUILT_PRODUCTS_DIR; };
		213249CF2B0C7AC7002E9B5C /* WorldCupAppApp.swift */ = {isa = PBXFileReference; lastKnownFileType = sourcecode.swift; path = WorldCupAppApp.swift; sourceTree = "<group>"; };
		213249D12B0C7AC7002E9B5C /* ContentView.swift */ = {isa = PBXFileReference; lastKnownFileType = sourcecode.swift; path = ContentView.swift; sourceTree = "<group>"; };
		213249D32B0C7AC9002E9B5C /* Assets.xcassets */ = {isa = PBXFileReference; lastKnownFileType = folder.assetcatalog; path = Assets.xcassets; sourceTree = "<group>"; };
		213249D62B0C7AC9002E9B5C /* Preview Assets.xcassets */ = {isa = PBXFileReference; lastKnownFileType = folder.assetcatalog; path = "Preview Assets.xcassets"; sourceTree = "<group>"; };
		213249DD2B0C7B2E002E9B5C /* CountryCollection.swift */ = {isa = PBXFileReference; fileEncoding = 4; lastKnownFileType = sourcecode.swift; path = CountryCollection.swift; sourceTree = "<group>"; };
		213249DE2B0C7B2E002E9B5C /* CardTemplate.swift */ = {isa = PBXFileReference; fileEncoding = 4; lastKnownFileType = sourcecode.swift; path = CardTemplate.swift; sourceTree = "<group>"; };
		213249DF2B0C7B2E002E9B5C /* WinnerScreen.swift */ = {isa = PBXFileReference; fileEncoding = 4; lastKnownFileType = sourcecode.swift; path = WinnerScreen.swift; sourceTree = "<group>"; };
		213249E02B0C7B2E002E9B5C /* HomeScreen.swift */ = {isa = PBXFileReference; fileEncoding = 4; lastKnownFileType = sourcecode.swift; path = HomeScreen.swift; sourceTree = "<group>"; };
		213249E12B0C7B2E002E9B5C /* SigninScreen.swift */ = {isa = PBXFileReference; fileEncoding = 4; lastKnownFileType = sourcecode.swift; path = SigninScreen.swift; sourceTree = "<group>"; };
		213249E22B0C7B2E002E9B5C /* CapsuleButton.swift */ = {isa = PBXFileReference; fileEncoding = 4; lastKnownFileType = sourcecode.swift; path = CapsuleButton.swift; sourceTree = "<group>"; };
		213249E32B0C7B2E002E9B5C /* SignupScreen.swift */ = {isa = PBXFileReference; fileEncoding = 4; lastKnownFileType = sourcecode.swift; path = SignupScreen.swift; sourceTree = "<group>"; };
		213249E52B0C7B2E002E9B5C /* Country.swift */ = {isa = PBXFileReference; fileEncoding = 4; lastKnownFileType = sourcecode.swift; path = Country.swift; sourceTree = "<group>"; };
		213249E62B0C7B2E002E9B5C /* PredictionPopup.swift */ = {isa = PBXFileReference; fileEncoding = 4; lastKnownFileType = sourcecode.swift; path = PredictionPopup.swift; sourceTree = "<group>"; };
		213249F12B0C8A7B002E9B5C /* CustomTextField.swift */ = {isa = PBXFileReference; lastKnownFileType = sourcecode.swift; path = CustomTextField.swift; sourceTree = "<group>"; };
/* End PBXFileReference section */

/* Begin PBXFrameworksBuildPhase section */
		213249C92B0C7AC7002E9B5C /* Frameworks */ = {
			isa = PBXFrameworksBuildPhase;
			buildActionMask = 2147483647;
			files = (
			);
			runOnlyForDeploymentPostprocessing = 0;
		};
/* End PBXFrameworksBuildPhase section */

/* Begin PBXGroup section */
		213249C32B0C7AC7002E9B5C = {
			isa = PBXGroup;
			children = (
				213249CE2B0C7AC7002E9B5C /* WorldCupApp */,
				213249CD2B0C7AC7002E9B5C /* Products */,
			);
			sourceTree = "<group>";
		};
		213249CD2B0C7AC7002E9B5C /* Products */ = {
			isa = PBXGroup;
			children = (
				213249CC2B0C7AC7002E9B5C /* WorldCupApp.app */,
			);
			name = Products;
			sourceTree = "<group>";
		};
		213249CE2B0C7AC7002E9B5C /* WorldCupApp */ = {
			isa = PBXGroup;
			children = (
				213249F42B0CA9C4002E9B5C /* ModelViews */,
				213249F32B0CA6CD002E9B5C /* Components */,
				213249D52B0C7AC9002E9B5C /* Preview Content */,
				213249CF2B0C7AC7002E9B5C /* WorldCupAppApp.swift */,
				213249D12B0C7AC7002E9B5C /* ContentView.swift */,
				213249DD2B0C7B2E002E9B5C /* CountryCollection.swift */,
				213249E62B0C7B2E002E9B5C /* PredictionPopup.swift */,
				213249E02B0C7B2E002E9B5C /* HomeScreen.swift */,
				213249E12B0C7B2E002E9B5C /* SigninScreen.swift */,
				213249DF2B0C7B2E002E9B5C /* WinnerScreen.swift */,
				213249E32B0C7B2E002E9B5C /* SignupScreen.swift */,
				213249D32B0C7AC9002E9B5C /* Assets.xcassets */,
			);
			path = WorldCupApp;
			sourceTree = "<group>";
		};
		213249D52B0C7AC9002E9B5C /* Preview Content */ = {
			isa = PBXGroup;
			children = (
				213249D62B0C7AC9002E9B5C /* Preview Assets.xcassets */,
			);
			path = "Preview Content";
			sourceTree = "<group>";
		};
		213249F32B0CA6CD002E9B5C /* Components */ = {
			isa = PBXGroup;
			children = (
				213249DE2B0C7B2E002E9B5C /* CardTemplate.swift */,
				213249E22B0C7B2E002E9B5C /* CapsuleButton.swift */,
				213249F12B0C8A7B002E9B5C /* CustomTextField.swift */,
				213249E52B0C7B2E002E9B5C /* Country.swift */,
			);
			path = Components;
			sourceTree = "<group>";
		};
		213249F42B0CA9C4002E9B5C /* ModelViews */ = {
			isa = PBXGroup;
			children = (
			);
			path = ModelViews;
			sourceTree = "<group>";
		};
/* End PBXGroup section */

/* Begin PBXNativeTarget section */
		213249CB2B0C7AC7002E9B5C /* WorldCupApp */ = {
			isa = PBXNativeTarget;
			buildConfigurationList = 213249DA2B0C7AC9002E9B5C /* Build configuration list for PBXNativeTarget "WorldCupApp" */;
			buildPhases = (
				213249C82B0C7AC7002E9B5C /* Sources */,
				213249C92B0C7AC7002E9B5C /* Frameworks */,
				213249CA2B0C7AC7002E9B5C /* Resources */,
			);
			buildRules = (
			);
			dependencies = (
			);
			name = WorldCupApp;
			productName = WorldCupApp;
			productReference = 213249CC2B0C7AC7002E9B5C /* WorldCupApp.app */;
			productType = "com.apple.product-type.application";
		};
/* End PBXNativeTarget section */

/* Begin PBXProject section */
		213249C42B0C7AC7002E9B5C /* Project object */ = {
			isa = PBXProject;
			attributes = {
				BuildIndependentTargetsInParallel = 1;
				LastSwiftUpdateCheck = 1500;
				LastUpgradeCheck = 1500;
				TargetAttributes = {
					213249CB2B0C7AC7002E9B5C = {
						CreatedOnToolsVersion = 15.0.1;
					};
				};
			};
			buildConfigurationList = 213249C72B0C7AC7002E9B5C /* Build configuration list for PBXProject "WorldCupApp" */;
			compatibilityVersion = "Xcode 14.0";
			developmentRegion = en;
			hasScannedForEncodings = 0;
			knownRegions = (
				en,
				Base,
			);
			mainGroup = 213249C32B0C7AC7002E9B5C;
			productRefGroup = 213249CD2B0C7AC7002E9B5C /* Products */;
			projectDirPath = "";
			projectRoot = "";
			targets = (
				213249CB2B0C7AC7002E9B5C /* WorldCupApp */,
			);
		};
/* End PBXProject section */

/* Begin PBXResourcesBuildPhase section */
		213249CA2B0C7AC7002E9B5C /* Resources */ = {
			isa = PBXResourcesBuildPhase;
			buildActionMask = 2147483647;
			files = (
				213249D72B0C7AC9002E9B5C /* Preview Assets.xcassets in Resources */,
				213249D42B0C7AC9002E9B5C /* Assets.xcassets in Resources */,
			);
			runOnlyForDeploymentPostprocessing = 0;
		};
/* End PBXResourcesBuildPhase section */

/* Begin PBXSourcesBuildPhase section */
		213249C82B0C7AC7002E9B5C /* Sources */ = {
			isa = PBXSourcesBuildPhase;
			buildActionMask = 2147483647;
			files = (
				213249F22B0C8A7B002E9B5C /* CustomTextField.swift in Sources */,
				213249E72B0C7B2F002E9B5C /* CountryCollection.swift in Sources */,
				213249F02B0C7B2F002E9B5C /* PredictionPopup.swift in Sources */,
				213249E92B0C7B2F002E9B5C /* WinnerScreen.swift in Sources */,
				213249EA2B0C7B2F002E9B5C /* HomeScreen.swift in Sources */,
				213249EB2B0C7B2F002E9B5C /* SigninScreen.swift in Sources */,
				213249ED2B0C7B2F002E9B5C /* SignupScreen.swift in Sources */,
				213249D22B0C7AC7002E9B5C /* ContentView.swift in Sources */,
				213249EF2B0C7B2F002E9B5C /* Country.swift in Sources */,
				213249D02B0C7AC7002E9B5C /* WorldCupAppApp.swift in Sources */,
				213249E82B0C7B2F002E9B5C /* CardTemplate.swift in Sources */,
				213249EC2B0C7B2F002E9B5C /* CapsuleButton.swift in Sources */,
			);
			runOnlyForDeploymentPostprocessing = 0;
		};
/* End PBXSourcesBuildPhase section */

/* Begin XCBuildConfiguration section */
		213249D82B0C7AC9002E9B5C /* Debug */ = {
			isa = XCBuildConfiguration;
			buildSettings = {
				ALWAYS_SEARCH_USER_PATHS = NO;
				ASSETCATALOG_COMPILER_GENERATE_SWIFT_ASSET_SYMBOL_EXTENSIONS = YES;
				CLANG_ANALYZER_NONNULL = YES;
				CLANG_ANALYZER_NUMBER_OBJECT_CONVERSION = YES_AGGRESSIVE;
				CLANG_CXX_LANGUAGE_STANDARD = "gnu++20";
				CLANG_ENABLE_MODULES = YES;
				CLANG_ENABLE_OBJC_ARC = YES;
				CLANG_ENABLE_OBJC_WEAK = YES;
				CLANG_WARN_BLOCK_CAPTURE_AUTORELEASING = YES;
				CLANG_WARN_BOOL_CONVERSION = YES;
				CLANG_WARN_COMMA = YES;
				CLANG_WARN_CONSTANT_CONVERSION = YES;
				CLANG_WARN_DEPRECATED_OBJC_IMPLEMENTATIONS = YES;
				CLANG_WARN_DIRECT_OBJC_ISA_USAGE = YES_ERROR;
				CLANG_WARN_DOCUMENTATION_COMMENTS = YES;
				CLANG_WARN_EMPTY_BODY = YES;
				CLANG_WARN_ENUM_CONVERSION = YES;
				CLANG_WARN_INFINITE_RECURSION = YES;
				CLANG_WARN_INT_CONVERSION = YES;
				CLANG_WARN_NON_LITERAL_NULL_CONVERSION = YES;
				CLANG_WARN_OBJC_IMPLICIT_RETAIN_SELF = YES;
				CLANG_WARN_OBJC_LITERAL_CONVERSION = YES;
				CLANG_WARN_OBJC_ROOT_CLASS = YES_ERROR;
				CLANG_WARN_QUOTED_INCLUDE_IN_FRAMEWORK_HEADER = YES;
				CLANG_WARN_RANGE_LOOP_ANALYSIS = YES;
				CLANG_WARN_STRICT_PROTOTYPES = YES;
				CLANG_WARN_SUSPICIOUS_MOVE = YES;
				CLANG_WARN_UNGUARDED_AVAILABILITY = YES_AGGRESSIVE;
				CLANG_WARN_UNREACHABLE_CODE = YES;
				CLANG_WARN__DUPLICATE_METHOD_MATCH = YES;
				COPY_PHASE_STRIP = NO;
				DEBUG_INFORMATION_FORMAT = dwarf;
				ENABLE_STRICT_OBJC_MSGSEND = YES;
				ENABLE_TESTABILITY = YES;
				ENABLE_USER_SCRIPT_SANDBOXING = YES;
				GCC_C_LANGUAGE_STANDARD = gnu17;
				GCC_DYNAMIC_NO_PIC = NO;
				GCC_NO_COMMON_BLOCKS = YES;
				GCC_OPTIMIZATION_LEVEL = 0;
				GCC_PREPROCESSOR_DEFINITIONS = (
					"DEBUG=1",
					"$(inherited)",
				);
				GCC_WARN_64_TO_32_BIT_CONVERSION = YES;
				GCC_WARN_ABOUT_RETURN_TYPE = YES_ERROR;
				GCC_WARN_UNDECLARED_SELECTOR = YES;
				GCC_WARN_UNINITIALIZED_AUTOS = YES_AGGRESSIVE;
				GCC_WARN_UNUSED_FUNCTION = YES;
				GCC_WARN_UNUSED_VARIABLE = YES;
				IPHONEOS_DEPLOYMENT_TARGET = 17.0;
				LOCALIZATION_PREFERS_STRING_CATALOGS = YES;
				MTL_ENABLE_DEBUG_INFO = INCLUDE_SOURCE;
				MTL_FAST_MATH = YES;
				ONLY_ACTIVE_ARCH = YES;
				SDKROOT = iphoneos;
				SWIFT_ACTIVE_COMPILATION_CONDITIONS = "DEBUG $(inherited)";
				SWIFT_OPTIMIZATION_LEVEL = "-Onone";
			};
			name = Debug;
		};
		213249D92B0C7AC9002E9B5C /* Release */ = {
			isa = XCBuildConfiguration;
			buildSettings = {
				ALWAYS_SEARCH_USER_PATHS = NO;
				ASSETCATALOG_COMPILER_GENERATE_SWIFT_ASSET_SYMBOL_EXTENSIONS = YES;
				CLANG_ANALYZER_NONNULL = YES;
				CLANG_ANALYZER_NUMBER_OBJECT_CONVERSION = YES_AGGRESSIVE;
				CLANG_CXX_LANGUAGE_STANDARD = "gnu++20";
				CLANG_ENABLE_MODULES = YES;
				CLANG_ENABLE_OBJC_ARC = YES;
				CLANG_ENABLE_OBJC_WEAK = YES;
				CLANG_WARN_BLOCK_CAPTURE_AUTORELEASING = YES;
				CLANG_WARN_BOOL_CONVERSION = YES;
				CLANG_WARN_COMMA = YES;
				CLANG_WARN_CONSTANT_CONVERSION = YES;
				CLANG_WARN_DEPRECATED_OBJC_IMPLEMENTATIONS = YES;
				CLANG_WARN_DIRECT_OBJC_ISA_USAGE = YES_ERROR;
				CLANG_WARN_DOCUMENTATION_COMMENTS = YES;
				CLANG_WARN_EMPTY_BODY = YES;
				CLANG_WARN_ENUM_CONVERSION = YES;
				CLANG_WARN_INFINITE_RECURSION = YES;
				CLANG_WARN_INT_CONVERSION = YES;
				CLANG_WARN_NON_LITERAL_NULL_CONVERSION = YES;
				CLANG_WARN_OBJC_IMPLICIT_RETAIN_SELF = YES;
				CLANG_WARN_OBJC_LITERAL_CONVERSION = YES;
				CLANG_WARN_OBJC_ROOT_CLASS = YES_ERROR;
				CLANG_WARN_QUOTED_INCLUDE_IN_FRAMEWORK_HEADER = YES;
				CLANG_WARN_RANGE_LOOP_ANALYSIS = YES;
				CLANG_WARN_STRICT_PROTOTYPES = YES;
				CLANG_WARN_SUSPICIOUS_MOVE = YES;
				CLANG_WARN_UNGUARDED_AVAILABILITY = YES_AGGRESSIVE;
				CLANG_WARN_UNREACHABLE_CODE = YES;
				CLANG_WARN__DUPLICATE_METHOD_MATCH = YES;
				COPY_PHASE_STRIP = NO;
				DEBUG_INFORMATION_FORMAT = "dwarf-with-dsym";
				ENABLE_NS_ASSERTIONS = NO;
				ENABLE_STRICT_OBJC_MSGSEND = YES;
				ENABLE_USER_SCRIPT_SANDBOXING = YES;
				GCC_C_LANGUAGE_STANDARD = gnu17;
				GCC_NO_COMMON_BLOCKS = YES;
				GCC_WARN_64_TO_32_BIT_CONVERSION = YES;
				GCC_WARN_ABOUT_RETURN_TYPE = YES_ERROR;
				GCC_WARN_UNDECLARED_SELECTOR = YES;
				GCC_WARN_UNINITIALIZED_AUTOS = YES_AGGRESSIVE;
				GCC_WARN_UNUSED_FUNCTION = YES;
				GCC_WARN_UNUSED_VARIABLE = YES;
				IPHONEOS_DEPLOYMENT_TARGET = 17.0;
				LOCALIZATION_PREFERS_STRING_CATALOGS = YES;
				MTL_ENABLE_DEBUG_INFO = NO;
				MTL_FAST_MATH = YES;
				SDKROOT = iphoneos;
				SWIFT_COMPILATION_MODE = wholemodule;
				VALIDATE_PRODUCT = YES;
			};
			name = Release;
		};
		213249DB2B0C7AC9002E9B5C /* Debug */ = {
			isa = XCBuildConfiguration;
			buildSettings = {
				ASSETCATALOG_COMPILER_APPICON_NAME = AppIcon;
				ASSETCATALOG_COMPILER_GLOBAL_ACCENT_COLOR_NAME = AccentColor;
				CODE_SIGN_STYLE = Automatic;
				CURRENT_PROJECT_VERSION = 1;
				DEVELOPMENT_ASSET_PATHS = "\"WorldCupApp/Preview Content\"";
				DEVELOPMENT_TEAM = 82B9JG94C6;
				ENABLE_PREVIEWS = YES;
				GENERATE_INFOPLIST_FILE = YES;
				INFOPLIST_KEY_UIApplicationSceneManifest_Generation = YES;
				INFOPLIST_KEY_UIApplicationSupportsIndirectInputEvents = YES;
				INFOPLIST_KEY_UILaunchScreen_Generation = YES;
				INFOPLIST_KEY_UISupportedInterfaceOrientations_iPad = "UIInterfaceOrientationPortrait UIInterfaceOrientationPortraitUpsideDown UIInterfaceOrientationLandscapeLeft UIInterfaceOrientationLandscapeRight";
				INFOPLIST_KEY_UISupportedInterfaceOrientations_iPhone = "UIInterfaceOrientationPortrait UIInterfaceOrientationLandscapeLeft UIInterfaceOrientationLandscapeRight";
				LD_RUNPATH_SEARCH_PATHS = (
					"$(inherited)",
					"@executable_path/Frameworks",
				);
				MARKETING_VERSION = 1.0;
				PRODUCT_BUNDLE_IDENTIFIER = itg.training.WorldCupApp;
				PRODUCT_NAME = "$(TARGET_NAME)";
				SWIFT_EMIT_LOC_STRINGS = YES;
				SWIFT_VERSION = 5.0;
				TARGETED_DEVICE_FAMILY = "1,2";
			};
			name = Debug;
		};
		213249DC2B0C7AC9002E9B5C /* Release */ = {
			isa = XCBuildConfiguration;
			buildSettings = {
				ASSETCATALOG_COMPILER_APPICON_NAME = AppIcon;
				ASSETCATALOG_COMPILER_GLOBAL_ACCENT_COLOR_NAME = AccentColor;
				CODE_SIGN_STYLE = Automatic;
				CURRENT_PROJECT_VERSION = 1;
				DEVELOPMENT_ASSET_PATHS = "\"WorldCupApp/Preview Content\"";
				DEVELOPMENT_TEAM = 82B9JG94C6;
				ENABLE_PREVIEWS = YES;
				GENERATE_INFOPLIST_FILE = YES;
				INFOPLIST_KEY_UIApplicationSceneManifest_Generation = YES;
				INFOPLIST_KEY_UIApplicationSupportsIndirectInputEvents = YES;
				INFOPLIST_KEY_UILaunchScreen_Generation = YES;
				INFOPLIST_KEY_UISupportedInterfaceOrientations_iPad = "UIInterfaceOrientationPortrait UIInterfaceOrientationPortraitUpsideDown UIInterfaceOrientationLandscapeLeft UIInterfaceOrientationLandscapeRight";
				INFOPLIST_KEY_UISupportedInterfaceOrientations_iPhone = "UIInterfaceOrientationPortrait UIInterfaceOrientationLandscapeLeft UIInterfaceOrientationLandscapeRight";
				LD_RUNPATH_SEARCH_PATHS = (
					"$(inherited)",
					"@executable_path/Frameworks",
				);
				MARKETING_VERSION = 1.0;
				PRODUCT_BUNDLE_IDENTIFIER = itg.training.WorldCupApp;
				PRODUCT_NAME = "$(TARGET_NAME)";
				SWIFT_EMIT_LOC_STRINGS = YES;
				SWIFT_VERSION = 5.0;
				TARGETED_DEVICE_FAMILY = "1,2";
			};
			name = Release;
		};
/* End XCBuildConfiguration section */

/* Begin XCConfigurationList section */
		213249C72B0C7AC7002E9B5C /* Build configuration list for PBXProject "WorldCupApp" */ = {
			isa = XCConfigurationList;
			buildConfigurations = (
				213249D82B0C7AC9002E9B5C /* Debug */,
				213249D92B0C7AC9002E9B5C /* Release */,
			);
			defaultConfigurationIsVisible = 0;
			defaultConfigurationName = Release;
		};
		213249DA2B0C7AC9002E9B5C /* Build configuration list for PBXNativeTarget "WorldCupApp" */ = {
			isa = XCConfigurationList;
			buildConfigurations = (
				213249DB2B0C7AC9002E9B5C /* Debug */,
				213249DC2B0C7AC9002E9B5C /* Release */,
			);
			defaultConfigurationIsVisible = 0;
			defaultConfigurationName = Release;
		};
/* End XCConfigurationList section */
	};
	rootObject = 213249C42B0C7AC7002E9B5C /* Project object */;
}
